
Microsoft Visual Studio Solution File, Format Version 12.00
# Visual Studio Version 17
VisualStudioVersion = 17.13.35931.197 d17.13
MinimumVisualStudioVersion = 10.0.40219.1
Project("{FAE04EC0-301F-11D3-BF4B-00C04F79EFBC}") = "Feedback", "Feedback.csproj", "{327213B8-0631-42BB-BAB7-2B3378B552CE}"
EndProject
Global
	GlobalSection(SolutionConfigurationPlatforms) = preSolution
		Debug|Any CPU = Debug|Any CPU
		Release|Any CPU = Release|Any CPU
	EndGlobalSection
	GlobalSection(ProjectConfigurationPlatforms) = postSolution
		{327213B8-0631-42BB-BAB7-2B3378B552CE}.Debug|Any CPU.ActiveCfg = Debug|Any CPU
		{327213B8-0631-42BB-BAB7-2B3378B552CE}.Debug|Any CPU.Build.0 = Debug|Any CPU
		{327213B8-0631-42BB-BAB7-2B3378B552CE}.Release|Any CPU.ActiveCfg = Release|Any CPU
		{327213B8-0631-42BB-BAB7-2B3378B552CE}.Release|Any CPU.Build.0 = Release|Any CPU
	EndGlobalSection
	GlobalSection(SolutionProperties) = preSolution
		HideSolutionNode = FALSE
	EndGlobalSection
	GlobalSection(ExtensibilityGlobals) = postSolution
		SolutionGuid = {44BE7935-A21B-41CC-8E40-1064CA88DFDC}
	EndGlobalSection
EndGlobal
